
Microsoft Visual Studio Solution File, Format Version 12.00
# Visual Studio Version 17
VisualStudioVersion = 17.12.35527.113 d17.12
MinimumVisualStudioVersion = 10.0.40219.1
Project("{FAE04EC0-301F-11D3-BF4B-00C04F79EFBC}") = "GravityDefiedGame", "GravityDefiedGame.csproj", "{48908D5E-C1FA-4C18-94DF-146585C7014D}"
EndProject
Global
	GlobalSection(SolutionConfigurationPlatforms) = preSolution
		Debug|Any CPU = Debug|Any CPU
		Release|Any CPU = Release|Any CPU
	EndGlobalSection
	GlobalSection(ProjectConfigurationPlatforms) = postSolution
		{48908D5E-C1FA-4C18-94DF-146585C7014D}.Debug|Any CPU.ActiveCfg = Debug|Any CPU
		{48908D5E-C1FA-4C18-94DF-146585C7014D}.Debug|Any CPU.Build.0 = Debug|Any CPU
		{48908D5E-C1FA-4C18-94DF-146585C7014D}.Release|Any CPU.ActiveCfg = Release|Any CPU
		{48908D5E-C1FA-4C18-94DF-146585C7014D}.Release|Any CPU.Build.0 = Release|Any CPU
	EndGlobalSection
	GlobalSection(SolutionProperties) = preSolution
		HideSolutionNode = FALSE
	EndGlobalSection
	GlobalSection(ExtensibilityGlobals) = postSolution
		SolutionGuid = {467B9B00-0044-43A9-A721-E3F097C37089}
	EndGlobalSection
EndGlobal
